
Microsoft Visual Studio Solution File, Format Version 12.00
# Visual Studio Version 16
VisualStudioVersion = 16.0.30611.23
MinimumVisualStudioVersion = 10.0.40219.1
Project("{FAE04EC0-301F-11D3-BF4B-00C04F79EFBC}") = "Dierentuin", "Dierentuin\Dierentuin.csproj", "{32E15B9A-8C9F-428D-9430-7EE505EF9EF2}"
EndProject
Global
	GlobalSection(SolutionConfigurationPlatforms) = preSolution
		Debug|Any CPU = Debug|Any CPU
		Release|Any CPU = Release|Any CPU
	EndGlobalSection
	GlobalSection(ProjectConfigurationPlatforms) = postSolution
		{32E15B9A-8C9F-428D-9430-7EE505EF9EF2}.Debug|Any CPU.ActiveCfg = Debug|Any CPU
		{32E15B9A-8C9F-428D-9430-7EE505EF9EF2}.Debug|Any CPU.Build.0 = Debug|Any CPU
		{32E15B9A-8C9F-428D-9430-7EE505EF9EF2}.Release|Any CPU.ActiveCfg = Release|Any CPU
		{32E15B9A-8C9F-428D-9430-7EE505EF9EF2}.Release|Any CPU.Build.0 = Release|Any CPU
	EndGlobalSection
	GlobalSection(SolutionProperties) = preSolution
		HideSolutionNode = FALSE
	EndGlobalSection
	GlobalSection(ExtensibilityGlobals) = postSolution
		SolutionGuid = {CA3AEFD6-60F2-4FCE-BBA5-A5C68A0AF2A7}
	EndGlobalSection
EndGlobal
